{
  "name": "src",
  "version": "1.0.0",
  "lockfileVersion": 2,
  "requires": true,
  "packages": {
    "": {
      "name": "src",
      "version": "1.0.0",
      "license": "ISC",
      "dependencies": {
        "dcl": "^2.0.11"
      }
    },
    "node_modules/dcl": {
      "version": "2.0.11",
      "resolved": "https://registry.npmjs.org/dcl/-/dcl-2.0.11.tgz",
      "integrity": "sha512-9nbPO9qxcci8C8egCgSGxlhVNdRkCwoui9kNyKLAKN5xIhemeehkPYbyCsZIlE1lYKMN17++NJG6W2d5m6nb/g=="
    }
  },
  "dependencies": {
    "dcl": {
      "version": "2.0.11",
      "resolved": "https://registry.npmjs.org/dcl/-/dcl-2.0.11.tgz",
      "integrity": "sha512-9nbPO9qxcci8C8egCgSGxlhVNdRkCwoui9kNyKLAKN5xIhemeehkPYbyCsZIlE1lYKMN17++NJG6W2d5m6nb/g=="
    }
  }
}
